// !$*UTF8*$!
{
	archiveVersion = 1;
	classes = {
	};
	objectVersion = 50;
	objects = {

/* Begin PBXBuildFile section */
		30CA5E5823435F4B0076C21D /* AppDelegate.swift in Sources */ = {isa = PBXBuildFile; fileRef = 30CA5E5723435F4B0076C21D /* AppDelegate.swift */; };
		30CA5E5A23435F4B0076C21D /* ViewController.swift in Sources */ = {isa = PBXBuildFile; fileRef = 30CA5E5923435F4B0076C21D /* ViewController.swift */; };
		30CA5E5D23435F4B0076C21D /* Main.storyboard in Resources */ = {isa = PBXBuildFile; fileRef = 30CA5E5B23435F4B0076C21D /* Main.storyboard */; };
		30CA5E5F23435F4B0076C21D /* Assets.xcassets in Resources */ = {isa = PBXBuildFile; fileRef = 30CA5E5E23435F4B0076C21D /* Assets.xcassets */; };
		30CA5E6223435F4B0076C21D /* LaunchScreen.storyboard in Resources */ = {isa = PBXBuildFile; fileRef = 30CA5E6023435F4B0076C21D /* LaunchScreen.storyboard */; };
		30CA5E6A2343606D0076C21D /* PeopleCell.swift in Sources */ = {isa = PBXBuildFile; fileRef = 30CA5E692343606D0076C21D /* PeopleCell.swift */; };
		30CA5E6C234361680076C21D /* People.swift in Sources */ = {isa = PBXBuildFile; fileRef = 30CA5E6B234361680076C21D /* People.swift */; };
/* End PBXBuildFile section */

/* Begin PBXFileReference section */
		30CA5E5423435F4B0076C21D /* People.app */ = {isa = PBXFileReference; explicitFileType = wrapper.application; includeInIndex = 0; path = People.app; sourceTree = BUILT_PRODUCTS_DIR; };
		30CA5E5723435F4B0076C21D /* AppDelegate.swift */ = {isa = PBXFileReference; lastKnownFileType = sourcecode.swift; path = AppDelegate.swift; sourceTree = "<group>"; };
		30CA5E5923435F4B0076C21D /* ViewController.swift */ = {isa = PBXFileReference; lastKnownFileType = sourcecode.swift; path = ViewController.swift; sourceTree = "<group>"; };
		30CA5E5C23435F4B0076C21D /* Base */ = {isa = PBXFileReference; lastKnownFileType = file.storyboard; name = Base; path = Base.lproj/Main.storyboard; sourceTree = "<group>"; };
		30CA5E5E23435F4B0076C21D /* Assets.xcassets */ = {isa = PBXFileReference; lastKnownFileType = folder.assetcatalog; path = Assets.xcassets; sourceTree = "<group>"; };
		30CA5E6123435F4B0076C21D /* Base */ = {isa = PBXFileReference; lastKnownFileType = file.storyboard; name = Base; path = Base.lproj/LaunchScreen.storyboard; sourceTree = "<group>"; };
		30CA5E6323435F4B0076C21D /* Info.plist */ = {isa = PBXFileReference; lastKnownFileType = text.plist.xml; path = Info.plist; sourceTree = "<group>"; };
		30CA5E692343606D0076C21D /* PeopleCell.swift */ = {isa = PBXFileReference; lastKnownFileType = sourcecode.swift; path = PeopleCell.swift; sourceTree = "<group>"; };
		30CA5E6B234361680076C21D /* People.swift */ = {isa = PBXFileReference; lastKnownFileType = sourcecode.swift; path = People.swift; sourceTree = "<group>"; };
/* End PBXFileReference section */

/* Begin PBXFrameworksBuildPhase section */
		30CA5E5123435F4B0076C21D /* Frameworks */ = {
			isa = PBXFrameworksBuildPhase;
			buildActionMask = 2147483647;
			files = (
			);
			runOnlyForDeploymentPostprocessing = 0;
		};
/* End PBXFrameworksBuildPhase section */

/* Begin PBXGroup section */
		30CA5E4B23435F4B0076C21D = {
			isa = PBXGroup;
			children = (
				30CA5E5623435F4B0076C21D /* People */,
				30CA5E5523435F4B0076C21D /* Products */,
			);
			sourceTree = "<group>";
		};
		30CA5E5523435F4B0076C21D /* Products */ = {
			isa = PBXGroup;
			children = (
				30CA5E5423435F4B0076C21D /* People.app */,
			);
			name = Products;
			sourceTree = "<group>";
		};
		30CA5E5623435F4B0076C21D /* People */ = {
			isa = PBXGroup;
			children = (
				30CA5E5723435F4B0076C21D /* AppDelegate.swift */,
				30CA5E5923435F4B0076C21D /* ViewController.swift */,
				30CA5E5B23435F4B0076C21D /* Main.storyboard */,
				30CA5E6B234361680076C21D /* People.swift */,
				30CA5E692343606D0076C21D /* PeopleCell.swift */,
				30CA5E5E23435F4B0076C21D /* Assets.xcassets */,
				30CA5E6023435F4B0076C21D /* LaunchScreen.storyboard */,
				30CA5E6323435F4B0076C21D /* Info.plist */,
			);
			path = People;
			sourceTree = "<group>";
		};
/* End PBXGroup section */

/* Begin PBXNativeTarget section */
		30CA5E5323435F4B0076C21D /* People */ = {
			isa = PBXNativeTarget;
			buildConfigurationList = 30CA5E6623435F4B0076C21D /* Build configuration list for PBXNativeTarget "People" */;
			buildPhases = (
				30CA5E5023435F4B0076C21D /* Sources */,
				30CA5E5123435F4B0076C21D /* Frameworks */,
				30CA5E5223435F4B0076C21D /* Resources */,
			);
			buildRules = (
			);
			dependencies = (
			);
			name = People;
			productName = People;
			productReference = 30CA5E5423435F4B0076C21D /* People.app */;
			productType = "com.apple.product-type.application";
		};
/* End PBXNativeTarget section */

/* Begin PBXProject section */
		30CA5E4C23435F4B0076C21D /* Project object */ = {
			isa = PBXProject;
			attributes = {
				LastSwiftUpdateCheck = 1030;
				LastUpgradeCheck = 1030;
				ORGANIZATIONNAME = APPIWEDIA;
				TargetAttributes = {
					30CA5E5323435F4B0076C21D = {
						CreatedOnToolsVersion = 10.3;
					};
				};
			};
			buildConfigurationList = 30CA5E4F23435F4B0076C21D /* Build configuration list for PBXProject "People" */;
			compatibilityVersion = "Xcode 9.3";
			developmentRegion = en;
			hasScannedForEncodings = 0;
			knownRegions = (
				en,
				Base,
			);
			mainGroup = 30CA5E4B23435F4B0076C21D;
			productRefGroup = 30CA5E5523435F4B0076C21D /* Products */;
			projectDirPath = "";
			projectRoot = "";
			targets = (
				30CA5E5323435F4B0076C21D /* People */,
			);
		};
/* End PBXProject section */

/* Begin PBXResourcesBuildPhase section */
		30CA5E5223435F4B0076C21D /* Resources */ = {
			isa = PBXResourcesBuildPhase;
			buildActionMask = 2147483647;
			files = (
				30CA5E6223435F4B0076C21D /* LaunchScreen.storyboard in Resources */,
				30CA5E5F23435F4B0076C21D /* Assets.xcassets in Resources */,
				30CA5E5D23435F4B0076C21D /* Main.storyboard in Resources */,
			);
			runOnlyForDeploymentPostprocessing = 0;
		};
/* End PBXResourcesBuildPhase section */

/* Begin PBXSourcesBuildPhase section */
		30CA5E5023435F4B0076C21D /* Sources */ = {
			isa = PBXSourcesBuildPhase;
			buildActionMask = 2147483647;
			files = (
				30CA5E6C234361680076C21D /* People.swift in Sources */,
				30CA5E5A23435F4B0076C21D /* ViewController.swift in Sources */,
				30CA5E5823435F4B0076C21D /* AppDelegate.swift in Sources */,
				30CA5E6A2343606D0076C21D /* PeopleCell.swift in Sources */,
			);
			runOnlyForDeploymentPostprocessing = 0;
		};
/* End PBXSourcesBuildPhase section */

/* Begin PBXVariantGroup section */
		30CA5E5B23435F4B0076C21D /* Main.storyboard */ = {
			isa = PBXVariantGroup;
			children = (
				30CA5E5C23435F4B0076C21D /* Base */,
			);
			name = Main.storyboard;
			sourceTree = "<group>";
		};
		30CA5E6023435F4B0076C21D /* LaunchScreen.storyboard */ = {
			isa = PBXVariantGroup;
			children = (
				30CA5E6123435F4B0076C21D /* Base */,
			);
			name = LaunchScreen.storyboard;
			sourceTree = "<group>";
		};
/* End PBXVariantGroup section */

/* Begin XCBuildConfiguration section */
		30CA5E6423435F4B0076C21D /* Debug */ = {
			isa = XCBuildConfiguration;
			buildSettings = {
				ALWAYS_SEARCH_USER_PATHS = NO;
				CLANG_ANALYZER_NONNULL = YES;
				CLANG_ANALYZER_NUMBER_OBJECT_CONVERSION = YES_AGGRESSIVE;
				CLANG_CXX_LANGUAGE_STANDARD = "gnu++14";
				CLANG_CXX_LIBRARY = "libc++";
				CLANG_ENABLE_MODULES = YES;
				CLANG_ENABLE_OBJC_ARC = YES;
				CLANG_ENABLE_OBJC_WEAK = YES;
				CLANG_WARN_BLOCK_CAPTURE_AUTORELEASING = YES;
				CLANG_WARN_BOOL_CONVERSION = YES;
				CLANG_WARN_COMMA = YES;
				CLANG_WARN_CONSTANT_CONVERSION = YES;
				CLANG_WARN_DEPRECATED_OBJC_IMPLEMENTATIONS = YES;
				CLANG_WARN_DIRECT_OBJC_ISA_USAGE = YES_ERROR;
				CLANG_WARN_DOCUMENTATION_COMMENTS = YES;
				CLANG_WARN_EMPTY_BODY = YES;
				CLANG_WARN_ENUM_CONVERSION = YES;
				CLANG_WARN_INFINITE_RECURSION = YES;
				CLANG_WARN_INT_CONVERSION = YES;
				CLANG_WARN_NON_LITERAL_NULL_CONVERSION = YES;
				CLANG_WARN_OBJC_IMPLICIT_RETAIN_SELF = YES;
				CLANG_WARN_OBJC_LITERAL_CONVERSION = YES;
				CLANG_WARN_OBJC_ROOT_CLASS = YES_ERROR;
				CLANG_WARN_RANGE_LOOP_ANALYSIS = YES;
				CLANG_WARN_STRICT_PROTOTYPES = YES;
				CLANG_WARN_SUSPICIOUS_MOVE = YES;
				CLANG_WARN_UNGUARDED_AVAILABILITY = YES_AGGRESSIVE;
				CLANG_WARN_UNREACHABLE_CODE = YES;
				CLANG_WARN__DUPLICATE_METHOD_MATCH = YES;
				CODE_SIGN_IDENTITY = "iPhone Developer";
				COPY_PHASE_STRIP = NO;
				DEBUG_INFORMATION_FORMAT = dwarf;
				ENABLE_STRICT_OBJC_MSGSEND = YES;
				ENABLE_TESTABILITY = YES;
				GCC_C_LANGUAGE_STANDARD = gnu11;
				GCC_DYNAMIC_NO_PIC = NO;
				GCC_NO_COMMON_BLOCKS = YES;
				GCC_OPTIMIZATION_LEVEL = 0;
				GCC_PREPROCESSOR_DEFINITIONS = (
					"DEBUG=1",
					"$(inherited)",
				);
				GCC_WARN_64_TO_32_BIT_CONVERSION = YES;
				GCC_WARN_ABOUT_RETURN_TYPE = YES_ERROR;
				GCC_WARN_UNDECLARED_SELECTOR = YES;
				GCC_WARN_UNINITIALIZED_AUTOS = YES_AGGRESSIVE;
				GCC_WARN_UNUSED_FUNCTION = YES;
				GCC_WARN_UNUSED_VARIABLE = YES;
				IPHONEOS_DEPLOYMENT_TARGET = 12.4;
				MTL_ENABLE_DEBUG_INFO = INCLUDE_SOURCE;
				MTL_FAST_MATH = YES;
				ONLY_ACTIVE_ARCH = YES;
				SDKROOT = iphoneos;
				SWIFT_ACTIVE_COMPILATION_CONDITIONS = DEBUG;
				SWIFT_OPTIMIZATION_LEVEL = "-Onone";
			};
			name = Debug;
		};
		30CA5E6523435F4B0076C21D /* Release */ = {
			isa = XCBuildConfiguration;
			buildSettings = {
				ALWAYS_SEARCH_USER_PATHS = NO;
				CLANG_ANALYZER_NONNULL = YES;
				CLANG_ANALYZER_NUMBER_OBJECT_CONVERSION = YES_AGGRESSIVE;
				CLANG_CXX_LANGUAGE_STANDARD = "gnu++14";
				CLANG_CXX_LIBRARY = "libc++";
				CLANG_ENABLE_MODULES = YES;
				CLANG_ENABLE_OBJC_ARC = YES;
				CLANG_ENABLE_OBJC_WEAK = YES;
				CLANG_WARN_BLOCK_CAPTURE_AUTORELEASING = YES;
				CLANG_WARN_BOOL_CONVERSION = YES;
				CLANG_WARN_COMMA = YES;
				CLANG_WARN_CONSTANT_CONVERSION = YES;
				CLANG_WARN_DEPRECATED_OBJC_IMPLEMENTATIONS = YES;
				CLANG_WARN_DIRECT_OBJC_ISA_USAGE = YES_ERROR;
				CLANG_WARN_DOCUMENTATION_COMMENTS = YES;
				CLANG_WARN_EMPTY_BODY = YES;
				CLANG_WARN_ENUM_CONVERSION = YES;
				CLANG_WARN_INFINITE_RECURSION = YES;
				CLANG_WARN_INT_CONVERSION = YES;
				CLANG_WARN_NON_LITERAL_NULL_CONVERSION = YES;
				CLANG_WARN_OBJC_IMPLICIT_RETAIN_SELF = YES;
				CLANG_WARN_OBJC_LITERAL_CONVERSION = YES;
				CLANG_WARN_OBJC_ROOT_CLASS = YES_ERROR;
				CLANG_WARN_RANGE_LOOP_ANALYSIS = YES;
				CLANG_WARN_STRICT_PROTOTYPES = YES;
				CLANG_WARN_SUSPICIOUS_MOVE = YES;
				CLANG_WARN_UNGUARDED_AVAILABILITY = YES_AGGRESSIVE;
				CLANG_WARN_UNREACHABLE_CODE = YES;
				CLANG_WARN__DUPLICATE_METHOD_MATCH = YES;
				CODE_SIGN_IDENTITY = "iPhone Developer";
				COPY_PHASE_STRIP = NO;
				DEBUG_INFORMATION_FORMAT = "dwarf-with-dsym";
				ENABLE_NS_ASSERTIONS = NO;
				ENABLE_STRICT_OBJC_MSGSEND = YES;
				GCC_C_LANGUAGE_STANDARD = gnu11;
				GCC_NO_COMMON_BLOCKS = YES;
				GCC_WARN_64_TO_32_BIT_CONVERSION = YES;
				GCC_WARN_ABOUT_RETURN_TYPE = YES_ERROR;
				GCC_WARN_UNDECLARED_SELECTOR = YES;
				GCC_WARN_UNINITIALIZED_AUTOS = YES_AGGRESSIVE;
				GCC_WARN_UNUSED_FUNCTION = YES;
				GCC_WARN_UNUSED_VARIABLE = YES;
				IPHONEOS_DEPLOYMENT_TARGET = 12.4;
				MTL_ENABLE_DEBUG_INFO = NO;
				MTL_FAST_MATH = YES;
				SDKROOT = iphoneos;
				SWIFT_COMPILATION_MODE = wholemodule;
				SWIFT_OPTIMIZATION_LEVEL = "-O";
				VALIDATE_PRODUCT = YES;
			};
			name = Release;
		};
		30CA5E6723435F4B0076C21D /* Debug */ = {
			isa = XCBuildConfiguration;
			buildSettings = {
				ASSETCATALOG_COMPILER_APPICON_NAME = AppIcon;
				CODE_SIGN_STYLE = Automatic;
				DEVELOPMENT_TEAM = 7AZ93CK4F6;
				INFOPLIST_FILE = People/Info.plist;
				LD_RUNPATH_SEARCH_PATHS = (
					"$(inherited)",
					"@executable_path/Frameworks",
				);
				PRODUCT_BUNDLE_IDENTIFIER = com.appiwedia.ios.People;
				PRODUCT_NAME = "$(TARGET_NAME)";
				SWIFT_VERSION = 5.0;
				TARGETED_DEVICE_FAMILY = "1,2";
			};
			name = Debug;
		};
		30CA5E6823435F4B0076C21D /* Release */ = {
			isa = XCBuildConfiguration;
			buildSettings = {
				ASSETCATALOG_COMPILER_APPICON_NAME = AppIcon;
				CODE_SIGN_STYLE = Automatic;
				DEVELOPMENT_TEAM = 7AZ93CK4F6;
				INFOPLIST_FILE = People/Info.plist;
				LD_RUNPATH_SEARCH_PATHS = (
					"$(inherited)",
					"@executable_path/Frameworks",
				);
				PRODUCT_BUNDLE_IDENTIFIER = com.appiwedia.ios.People;
				PRODUCT_NAME = "$(TARGET_NAME)";
				SWIFT_VERSION = 5.0;
				TARGETED_DEVICE_FAMILY = "1,2";
			};
			name = Release;
		};
/* End XCBuildConfiguration section */

/* Begin XCConfigurationList section */
		30CA5E4F23435F4B0076C21D /* Build configuration list for PBXProject "People" */ = {
			isa = XCConfigurationList;
			buildConfigurations = (
				30CA5E6423435F4B0076C21D /* Debug */,
				30CA5E6523435F4B0076C21D /* Release */,
			);
			defaultConfigurationIsVisible = 0;
			defaultConfigurationName = Release;
		};
		30CA5E6623435F4B0076C21D /* Build configuration list for PBXNativeTarget "People" */ = {
			isa = XCConfigurationList;
			buildConfigurations = (
				30CA5E6723435F4B0076C21D /* Debug */,
				30CA5E6823435F4B0076C21D /* Release */,
			);
			defaultConfigurationIsVisible = 0;
			defaultConfigurationName = Release;
		};
/* End XCConfigurationList section */
	};
	rootObject = 30CA5E4C23435F4B0076C21D /* Project object */;
}
